
Microsoft Visual Studio Solution File, Format Version 11.00
# Visual Studio 2010
Project("{FAE04EC0-301F-11D3-BF4B-00C04F79EFBC}") = "FinalProject", "FinalProject\FinalProject.csproj", "{C0345869-019B-4165-A4FD-F99B12073715}"
EndProject
Global
	GlobalSection(SolutionConfigurationPlatforms) = preSolution
		Debug|x86 = Debug|x86
		Release|x86 = Release|x86
	EndGlobalSection
	GlobalSection(ProjectConfigurationPlatforms) = postSolution
		{C0345869-019B-4165-A4FD-F99B12073715}.Debug|x86.ActiveCfg = Debug|x86
		{C0345869-019B-4165-A4FD-F99B12073715}.Debug|x86.Build.0 = Debug|x86
		{C0345869-019B-4165-A4FD-F99B12073715}.Release|x86.ActiveCfg = Release|x86
		{C0345869-019B-4165-A4FD-F99B12073715}.Release|x86.Build.0 = Release|x86
	EndGlobalSection
	GlobalSection(SolutionProperties) = preSolution
		HideSolutionNode = FALSE
	EndGlobalSection
EndGlobal
